
Microsoft Visual Studio Solution File, Format Version 12.00
# Visual Studio Version 16
VisualStudioVersion = 16.0.29519.181
MinimumVisualStudioVersion = 10.0.40219.1
Project("{9A19103F-16F7-4668-BE54-9A1E7A4F7556}") = "DistributedDPX.Web", "WebApps\DistributedDPX.Web\DistributedDPX.Web.csproj", "{DF92E099-1319-464E-BA01-D5A7B9FEC2BA}"
EndProject
Project("{E53339B2-1760-4266-BCC7-CA923CBCF16C}") = "docker-compose", "docker-compose.dcproj", "{9C0F357D-F1A1-4413-AD36-452C0C71E485}"
EndProject
Project("{2150E333-8FDC-42A3-9474-1A3956D46DE8}") = "Notes", "Notes", "{AFA74808-2FD7-4C6A-A291-C16FA09F6677}"
	ProjectSection(SolutionItems) = preProject
		Notes\Microservices_ProsCons.md = Notes\Microservices_ProsCons.md
	EndProjectSection
EndProject
Project("{9A19103F-16F7-4668-BE54-9A1E7A4F7556}") = "UserManagement.API", "Services\UserManagement\UserManagement.API\UserManagement.API.csproj", "{0185CBE6-DA66-4630-8CD0-CD9714A267A8}"
EndProject
Project("{2150E333-8FDC-42A3-9474-1A3956D46DE8}") = "Services", "Services", "{30DDB895-D438-4C9F-A427-1A0CC02B7FDA}"
EndProject
Project("{2150E333-8FDC-42A3-9474-1A3956D46DE8}") = "BuildingBlocks", "BuildingBlocks", "{0E63FD3E-049C-4F14-8CA7-BB7FA005057E}"
EndProject
Project("{2150E333-8FDC-42A3-9474-1A3956D46DE8}") = "EventBus", "EventBus", "{F74BFAE4-32BF-41DB-890D-7E29B123D2E1}"
EndProject
Project("{2150E333-8FDC-42A3-9474-1A3956D46DE8}") = "Common", "Common", "{04543B45-11B4-46BF-9701-E7F624A9A04A}"
EndProject
Project("{9A19103F-16F7-4668-BE54-9A1E7A4F7556}") = "IntegrationEventLogEF", "BuildingBlocks\EventBus\IntegrationEventLogEF\IntegrationEventLogEF.csproj", "{F9283077-71FE-475B-A0CA-BC2A0CFB5992}"
EndProject
Project("{9A19103F-16F7-4668-BE54-9A1E7A4F7556}") = "EventBusCore", "BuildingBlocks\EventBus\EventBusCore\EventBusCore.csproj", "{39788FD7-AB7A-44DC-8617-94BB54C8E7F2}"
EndProject
Project("{9A19103F-16F7-4668-BE54-9A1E7A4F7556}") = "EventBusRabbitMQ", "BuildingBlocks\EventBus\EventBusRabbitMQ\EventBusRabbitMQ.csproj", "{4C41836C-D22A-4F31-AAC3-4921503C799A}"
EndProject
Project("{2150E333-8FDC-42A3-9474-1A3956D46DE8}") = "Internals", "Internals", "{A507B9BF-1CE6-49D9-AB17-35648F62108D}"
EndProject
Project("{9A19103F-16F7-4668-BE54-9A1E7A4F7556}") = "UtilityExtensions", "Internals\UtilityExtensions\UtilityExtensions.csproj", "{76CB1ED0-3774-4160-A3D0-F67FC2DE9739}"
EndProject
Project("{2150E333-8FDC-42A3-9474-1A3956D46DE8}") = "WebApps", "WebApps", "{686F8D2D-51B0-40EE-90A4-3B4C4F2D00EF}"
EndProject
Project("{2150E333-8FDC-42A3-9474-1A3956D46DE8}") = "UserManagement", "UserManagement", "{C5F819D3-7FC1-4EC6-8EE2-A720A592ED86}"
EndProject
Project("{2150E333-8FDC-42A3-9474-1A3956D46DE8}") = "Participant", "Participant", "{A076439B-2CD6-4CD6-B7FE-CC5BF3574575}"
EndProject
Project("{2150E333-8FDC-42A3-9474-1A3956D46DE8}") = "Campaign", "Campaign", "{A8DCE4AD-17E4-4ED3-9218-B1B989FD867F}"
EndProject
Project("{2150E333-8FDC-42A3-9474-1A3956D46DE8}") = "Audit", "Audit", "{53CC5C76-7C55-4AE4-A08A-49D88C74FF1E}"
EndProject
Project("{2150E333-8FDC-42A3-9474-1A3956D46DE8}") = "ParticipantCampaign", "ParticipantCampaign", "{1A0E3CFA-9CA6-45D3-85CE-2F3245A6B962}"
EndProject
Project("{FAE04EC0-301F-11D3-BF4B-00C04F79EFBC}") = "ParticipantCampaign.API", "Services\ParticipantCampaign\ParticipantCampaign.API\ParticipantCampaign.API.csproj", "{B9AD907A-0749-4815-9D5B-480829B9CCDD}"
EndProject
Project("{FAE04EC0-301F-11D3-BF4B-00C04F79EFBC}") = "Participant.Api", "Services\Participant\Participant.Api\Participant.Api.csproj", "{AF4D78DF-5929-4FA2-92BC-7C2422A225C2}"
EndProject
Project("{FAE04EC0-301F-11D3-BF4B-00C04F79EFBC}") = "Campaign.API", "Services\Campaign\Campaign.API\Campaign.API.csproj", "{29444DC2-FB8C-461D-BAED-2533DCF20384}"
EndProject
Project("{FAE04EC0-301F-11D3-BF4B-00C04F79EFBC}") = "Common.Domain", "Common\Common.Domain\Common.Domain.csproj", "{051B43B1-8E4F-4D86-8237-96EF788A7CB5}"
EndProject
Project("{2150E333-8FDC-42A3-9474-1A3956D46DE8}") = "Database", "Database", "{FE152384-4A26-4762-A68C-CD2F241786B1}"
EndProject
Project("{FAE04EC0-301F-11D3-BF4B-00C04F79EFBC}") = "Mongo", "BuildingBlocks\Database\Mongo\Mongo.csproj", "{91E0C3D3-09C7-40F0-AC32-284C88A934BA}"
EndProject
Project("{FAE04EC0-301F-11D3-BF4B-00C04F79EFBC}") = "Common.Abstractions", "Common\Common.Abstractions\Common.Abstractions.csproj", "{3C823C0D-234A-4BCF-8425-9EAA637DA667}"
EndProject
Global
	GlobalSection(SolutionConfigurationPlatforms) = preSolution
		Debug|Any CPU = Debug|Any CPU
		Release|Any CPU = Release|Any CPU
	EndGlobalSection
	GlobalSection(ProjectConfigurationPlatforms) = postSolution
		{DF92E099-1319-464E-BA01-D5A7B9FEC2BA}.Debug|Any CPU.ActiveCfg = Debug|Any CPU
		{DF92E099-1319-464E-BA01-D5A7B9FEC2BA}.Debug|Any CPU.Build.0 = Debug|Any CPU
		{DF92E099-1319-464E-BA01-D5A7B9FEC2BA}.Release|Any CPU.ActiveCfg = Release|Any CPU
		{DF92E099-1319-464E-BA01-D5A7B9FEC2BA}.Release|Any CPU.Build.0 = Release|Any CPU
		{9C0F357D-F1A1-4413-AD36-452C0C71E485}.Debug|Any CPU.ActiveCfg = Debug|Any CPU
		{9C0F357D-F1A1-4413-AD36-452C0C71E485}.Debug|Any CPU.Build.0 = Debug|Any CPU
		{9C0F357D-F1A1-4413-AD36-452C0C71E485}.Release|Any CPU.ActiveCfg = Release|Any CPU
		{9C0F357D-F1A1-4413-AD36-452C0C71E485}.Release|Any CPU.Build.0 = Release|Any CPU
		{0185CBE6-DA66-4630-8CD0-CD9714A267A8}.Debug|Any CPU.ActiveCfg = Debug|Any CPU
		{0185CBE6-DA66-4630-8CD0-CD9714A267A8}.Debug|Any CPU.Build.0 = Debug|Any CPU
		{0185CBE6-DA66-4630-8CD0-CD9714A267A8}.Release|Any CPU.ActiveCfg = Release|Any CPU
		{0185CBE6-DA66-4630-8CD0-CD9714A267A8}.Release|Any CPU.Build.0 = Release|Any CPU
		{F9283077-71FE-475B-A0CA-BC2A0CFB5992}.Debug|Any CPU.ActiveCfg = Debug|Any CPU
		{F9283077-71FE-475B-A0CA-BC2A0CFB5992}.Debug|Any CPU.Build.0 = Debug|Any CPU
		{F9283077-71FE-475B-A0CA-BC2A0CFB5992}.Release|Any CPU.ActiveCfg = Release|Any CPU
		{F9283077-71FE-475B-A0CA-BC2A0CFB5992}.Release|Any CPU.Build.0 = Release|Any CPU
		{39788FD7-AB7A-44DC-8617-94BB54C8E7F2}.Debug|Any CPU.ActiveCfg = Debug|Any CPU
		{39788FD7-AB7A-44DC-8617-94BB54C8E7F2}.Debug|Any CPU.Build.0 = Debug|Any CPU
		{39788FD7-AB7A-44DC-8617-94BB54C8E7F2}.Release|Any CPU.ActiveCfg = Release|Any CPU
		{39788FD7-AB7A-44DC-8617-94BB54C8E7F2}.Release|Any CPU.Build.0 = Release|Any CPU
		{4C41836C-D22A-4F31-AAC3-4921503C799A}.Debug|Any CPU.ActiveCfg = Debug|Any CPU
		{4C41836C-D22A-4F31-AAC3-4921503C799A}.Debug|Any CPU.Build.0 = Debug|Any CPU
		{4C41836C-D22A-4F31-AAC3-4921503C799A}.Release|Any CPU.ActiveCfg = Release|Any CPU
		{4C41836C-D22A-4F31-AAC3-4921503C799A}.Release|Any CPU.Build.0 = Release|Any CPU
		{76CB1ED0-3774-4160-A3D0-F67FC2DE9739}.Debug|Any CPU.ActiveCfg = Debug|Any CPU
		{76CB1ED0-3774-4160-A3D0-F67FC2DE9739}.Debug|Any CPU.Build.0 = Debug|Any CPU
		{76CB1ED0-3774-4160-A3D0-F67FC2DE9739}.Release|Any CPU.ActiveCfg = Release|Any CPU
		{76CB1ED0-3774-4160-A3D0-F67FC2DE9739}.Release|Any CPU.Build.0 = Release|Any CPU
		{B9AD907A-0749-4815-9D5B-480829B9CCDD}.Debug|Any CPU.ActiveCfg = Debug|Any CPU
		{B9AD907A-0749-4815-9D5B-480829B9CCDD}.Debug|Any CPU.Build.0 = Debug|Any CPU
		{B9AD907A-0749-4815-9D5B-480829B9CCDD}.Release|Any CPU.ActiveCfg = Release|Any CPU
		{B9AD907A-0749-4815-9D5B-480829B9CCDD}.Release|Any CPU.Build.0 = Release|Any CPU
		{AF4D78DF-5929-4FA2-92BC-7C2422A225C2}.Debug|Any CPU.ActiveCfg = Debug|Any CPU
		{AF4D78DF-5929-4FA2-92BC-7C2422A225C2}.Debug|Any CPU.Build.0 = Debug|Any CPU
		{AF4D78DF-5929-4FA2-92BC-7C2422A225C2}.Release|Any CPU.ActiveCfg = Release|Any CPU
		{AF4D78DF-5929-4FA2-92BC-7C2422A225C2}.Release|Any CPU.Build.0 = Release|Any CPU
		{29444DC2-FB8C-461D-BAED-2533DCF20384}.Debug|Any CPU.ActiveCfg = Debug|Any CPU
		{29444DC2-FB8C-461D-BAED-2533DCF20384}.Debug|Any CPU.Build.0 = Debug|Any CPU
		{29444DC2-FB8C-461D-BAED-2533DCF20384}.Release|Any CPU.ActiveCfg = Release|Any CPU
		{29444DC2-FB8C-461D-BAED-2533DCF20384}.Release|Any CPU.Build.0 = Release|Any CPU
		{051B43B1-8E4F-4D86-8237-96EF788A7CB5}.Debug|Any CPU.ActiveCfg = Debug|Any CPU
		{051B43B1-8E4F-4D86-8237-96EF788A7CB5}.Debug|Any CPU.Build.0 = Debug|Any CPU
		{051B43B1-8E4F-4D86-8237-96EF788A7CB5}.Release|Any CPU.ActiveCfg = Release|Any CPU
		{051B43B1-8E4F-4D86-8237-96EF788A7CB5}.Release|Any CPU.Build.0 = Release|Any CPU
		{91E0C3D3-09C7-40F0-AC32-284C88A934BA}.Debug|Any CPU.ActiveCfg = Debug|Any CPU
		{91E0C3D3-09C7-40F0-AC32-284C88A934BA}.Debug|Any CPU.Build.0 = Debug|Any CPU
		{91E0C3D3-09C7-40F0-AC32-284C88A934BA}.Release|Any CPU.ActiveCfg = Release|Any CPU
		{91E0C3D3-09C7-40F0-AC32-284C88A934BA}.Release|Any CPU.Build.0 = Release|Any CPU
		{3C823C0D-234A-4BCF-8425-9EAA637DA667}.Debug|Any CPU.ActiveCfg = Debug|Any CPU
		{3C823C0D-234A-4BCF-8425-9EAA637DA667}.Debug|Any CPU.Build.0 = Debug|Any CPU
		{3C823C0D-234A-4BCF-8425-9EAA637DA667}.Release|Any CPU.ActiveCfg = Release|Any CPU
		{3C823C0D-234A-4BCF-8425-9EAA637DA667}.Release|Any CPU.Build.0 = Release|Any CPU
	EndGlobalSection
	GlobalSection(SolutionProperties) = preSolution
		HideSolutionNode = FALSE
	EndGlobalSection
	GlobalSection(NestedProjects) = preSolution
		{DF92E099-1319-464E-BA01-D5A7B9FEC2BA} = {686F8D2D-51B0-40EE-90A4-3B4C4F2D00EF}
		{0185CBE6-DA66-4630-8CD0-CD9714A267A8} = {C5F819D3-7FC1-4EC6-8EE2-A720A592ED86}
		{F74BFAE4-32BF-41DB-890D-7E29B123D2E1} = {0E63FD3E-049C-4F14-8CA7-BB7FA005057E}
		{F9283077-71FE-475B-A0CA-BC2A0CFB5992} = {F74BFAE4-32BF-41DB-890D-7E29B123D2E1}
		{39788FD7-AB7A-44DC-8617-94BB54C8E7F2} = {F74BFAE4-32BF-41DB-890D-7E29B123D2E1}
		{4C41836C-D22A-4F31-AAC3-4921503C799A} = {F74BFAE4-32BF-41DB-890D-7E29B123D2E1}
		{76CB1ED0-3774-4160-A3D0-F67FC2DE9739} = {A507B9BF-1CE6-49D9-AB17-35648F62108D}
		{C5F819D3-7FC1-4EC6-8EE2-A720A592ED86} = {30DDB895-D438-4C9F-A427-1A0CC02B7FDA}
		{A076439B-2CD6-4CD6-B7FE-CC5BF3574575} = {30DDB895-D438-4C9F-A427-1A0CC02B7FDA}
		{A8DCE4AD-17E4-4ED3-9218-B1B989FD867F} = {30DDB895-D438-4C9F-A427-1A0CC02B7FDA}
		{53CC5C76-7C55-4AE4-A08A-49D88C74FF1E} = {30DDB895-D438-4C9F-A427-1A0CC02B7FDA}
		{1A0E3CFA-9CA6-45D3-85CE-2F3245A6B962} = {30DDB895-D438-4C9F-A427-1A0CC02B7FDA}
		{B9AD907A-0749-4815-9D5B-480829B9CCDD} = {1A0E3CFA-9CA6-45D3-85CE-2F3245A6B962}
		{AF4D78DF-5929-4FA2-92BC-7C2422A225C2} = {A076439B-2CD6-4CD6-B7FE-CC5BF3574575}
		{29444DC2-FB8C-461D-BAED-2533DCF20384} = {A8DCE4AD-17E4-4ED3-9218-B1B989FD867F}
		{051B43B1-8E4F-4D86-8237-96EF788A7CB5} = {04543B45-11B4-46BF-9701-E7F624A9A04A}
		{FE152384-4A26-4762-A68C-CD2F241786B1} = {0E63FD3E-049C-4F14-8CA7-BB7FA005057E}
		{91E0C3D3-09C7-40F0-AC32-284C88A934BA} = {FE152384-4A26-4762-A68C-CD2F241786B1}
		{3C823C0D-234A-4BCF-8425-9EAA637DA667} = {04543B45-11B4-46BF-9701-E7F624A9A04A}
	EndGlobalSection
	GlobalSection(ExtensibilityGlobals) = postSolution
		SolutionGuid = {07043A04-4BA0-42D0-B826-E8F32FB0A3D6}
	EndGlobalSection
EndGlobal
