
Microsoft Visual Studio Solution File, Format Version 12.00
# Visual Studio Version 16
VisualStudioVersion = 16.0.29519.181
MinimumVisualStudioVersion = 10.0.40219.1
Project("{9A19103F-16F7-4668-BE54-9A1E7A4F7556}") = "DistributedDPX.Web", "DistributedDPX.Web\DistributedDPX.Web.csproj", "{DF92E099-1319-464E-BA01-D5A7B9FEC2BA}"
EndProject
Project("{E53339B2-1760-4266-BCC7-CA923CBCF16C}") = "docker-compose", "docker-compose.dcproj", "{9C0F357D-F1A1-4413-AD36-452C0C71E485}"
EndProject
Project("{2150E333-8FDC-42A3-9474-1A3956D46DE8}") = "Notes", "Notes", "{AFA74808-2FD7-4C6A-A291-C16FA09F6677}"
	ProjectSection(SolutionItems) = preProject
		Notes\Microservices_ProsCons.md = Notes\Microservices_ProsCons.md
	EndProjectSection
EndProject
Project("{9A19103F-16F7-4668-BE54-9A1E7A4F7556}") = "DistributedDPX.Admin.UserManagement", "DistributedDPX.Admin.UserManagement\DistributedDPX.Admin.UserManagement.csproj", "{0185CBE6-DA66-4630-8CD0-CD9714A267A8}"
EndProject
Project("{2150E333-8FDC-42A3-9474-1A3956D46DE8}") = "Services", "Services", "{30DDB895-D438-4C9F-A427-1A0CC02B7FDA}"
EndProject
Project("{2150E333-8FDC-42A3-9474-1A3956D46DE8}") = "BuildingBlocks", "BuildingBlocks", "{0E63FD3E-049C-4F14-8CA7-BB7FA005057E}"
EndProject
Project("{2150E333-8FDC-42A3-9474-1A3956D46DE8}") = "EventBus", "EventBus", "{F74BFAE4-32BF-41DB-890D-7E29B123D2E1}"
EndProject
Project("{2150E333-8FDC-42A3-9474-1A3956D46DE8}") = "WebHost", "WebHost", "{04543B45-11B4-46BF-9701-E7F624A9A04A}"
EndProject
Project("{FAE04EC0-301F-11D3-BF4B-00C04F79EFBC}") = "IntegrationEventLogEF", "BuildingBlocks\EventBus\IntegrationEventLogEF\IntegrationEventLogEF.csproj", "{F9283077-71FE-475B-A0CA-BC2A0CFB5992}"
EndProject
Project("{FAE04EC0-301F-11D3-BF4B-00C04F79EFBC}") = "EventBusCore", "BuildingBlocks\EventBus\EventBusCore\EventBusCore.csproj", "{39788FD7-AB7A-44DC-8617-94BB54C8E7F2}"
EndProject
Global
	GlobalSection(SolutionConfigurationPlatforms) = preSolution
		Debug|Any CPU = Debug|Any CPU
		Release|Any CPU = Release|Any CPU
	EndGlobalSection
	GlobalSection(ProjectConfigurationPlatforms) = postSolution
		{DF92E099-1319-464E-BA01-D5A7B9FEC2BA}.Debug|Any CPU.ActiveCfg = Debug|Any CPU
		{DF92E099-1319-464E-BA01-D5A7B9FEC2BA}.Debug|Any CPU.Build.0 = Debug|Any CPU
		{DF92E099-1319-464E-BA01-D5A7B9FEC2BA}.Release|Any CPU.ActiveCfg = Release|Any CPU
		{DF92E099-1319-464E-BA01-D5A7B9FEC2BA}.Release|Any CPU.Build.0 = Release|Any CPU
		{9C0F357D-F1A1-4413-AD36-452C0C71E485}.Debug|Any CPU.ActiveCfg = Debug|Any CPU
		{9C0F357D-F1A1-4413-AD36-452C0C71E485}.Debug|Any CPU.Build.0 = Debug|Any CPU
		{9C0F357D-F1A1-4413-AD36-452C0C71E485}.Release|Any CPU.ActiveCfg = Release|Any CPU
		{9C0F357D-F1A1-4413-AD36-452C0C71E485}.Release|Any CPU.Build.0 = Release|Any CPU
		{0185CBE6-DA66-4630-8CD0-CD9714A267A8}.Debug|Any CPU.ActiveCfg = Debug|Any CPU
		{0185CBE6-DA66-4630-8CD0-CD9714A267A8}.Debug|Any CPU.Build.0 = Debug|Any CPU
		{0185CBE6-DA66-4630-8CD0-CD9714A267A8}.Release|Any CPU.ActiveCfg = Release|Any CPU
		{0185CBE6-DA66-4630-8CD0-CD9714A267A8}.Release|Any CPU.Build.0 = Release|Any CPU
		{F9283077-71FE-475B-A0CA-BC2A0CFB5992}.Debug|Any CPU.ActiveCfg = Debug|Any CPU
		{F9283077-71FE-475B-A0CA-BC2A0CFB5992}.Debug|Any CPU.Build.0 = Debug|Any CPU
		{F9283077-71FE-475B-A0CA-BC2A0CFB5992}.Release|Any CPU.ActiveCfg = Release|Any CPU
		{F9283077-71FE-475B-A0CA-BC2A0CFB5992}.Release|Any CPU.Build.0 = Release|Any CPU
		{39788FD7-AB7A-44DC-8617-94BB54C8E7F2}.Debug|Any CPU.ActiveCfg = Debug|Any CPU
		{39788FD7-AB7A-44DC-8617-94BB54C8E7F2}.Debug|Any CPU.Build.0 = Debug|Any CPU
		{39788FD7-AB7A-44DC-8617-94BB54C8E7F2}.Release|Any CPU.ActiveCfg = Release|Any CPU
		{39788FD7-AB7A-44DC-8617-94BB54C8E7F2}.Release|Any CPU.Build.0 = Release|Any CPU
	EndGlobalSection
	GlobalSection(SolutionProperties) = preSolution
		HideSolutionNode = FALSE
	EndGlobalSection
	GlobalSection(NestedProjects) = preSolution
		{0185CBE6-DA66-4630-8CD0-CD9714A267A8} = {30DDB895-D438-4C9F-A427-1A0CC02B7FDA}
		{F74BFAE4-32BF-41DB-890D-7E29B123D2E1} = {0E63FD3E-049C-4F14-8CA7-BB7FA005057E}
		{04543B45-11B4-46BF-9701-E7F624A9A04A} = {0E63FD3E-049C-4F14-8CA7-BB7FA005057E}
		{F9283077-71FE-475B-A0CA-BC2A0CFB5992} = {F74BFAE4-32BF-41DB-890D-7E29B123D2E1}
		{39788FD7-AB7A-44DC-8617-94BB54C8E7F2} = {F74BFAE4-32BF-41DB-890D-7E29B123D2E1}
	EndGlobalSection
	GlobalSection(ExtensibilityGlobals) = postSolution
		SolutionGuid = {07043A04-4BA0-42D0-B826-E8F32FB0A3D6}
	EndGlobalSection
EndGlobal
